
Microsoft Visual Studio Solution File, Format Version 12.00
# Visual Studio Version 17
VisualStudioVersion = 17.5.33516.290
MinimumVisualStudioVersion = 10.0.40219.1
Project("{FAE04EC0-301F-11D3-BF4B-00C04F79EFBC}") = "Simulador de horno", "Simulador de horno\Simulador de horno.csproj", "{3E5798D1-CE3E-428D-9961-B7EE50F73323}"
EndProject
Global
	GlobalSection(SolutionConfigurationPlatforms) = preSolution
		Debug|Any CPU = Debug|Any CPU
		Release|Any CPU = Release|Any CPU
	EndGlobalSection
	GlobalSection(ProjectConfigurationPlatforms) = postSolution
		{3E5798D1-CE3E-428D-9961-B7EE50F73323}.Debug|Any CPU.ActiveCfg = Debug|Any CPU
		{3E5798D1-CE3E-428D-9961-B7EE50F73323}.Debug|Any CPU.Build.0 = Debug|Any CPU
		{3E5798D1-CE3E-428D-9961-B7EE50F73323}.Release|Any CPU.ActiveCfg = Release|Any CPU
		{3E5798D1-CE3E-428D-9961-B7EE50F73323}.Release|Any CPU.Build.0 = Release|Any CPU
	EndGlobalSection
	GlobalSection(SolutionProperties) = preSolution
		HideSolutionNode = FALSE
	EndGlobalSection
	GlobalSection(ExtensibilityGlobals) = postSolution
		SolutionGuid = {CD5AED34-A497-40FD-9FB8-DA82F3112F6A}
	EndGlobalSection
EndGlobal
